
Microsoft Visual Studio Solution File, Format Version 12.00
# Visual Studio Version 17
VisualStudioVersion = 17.7.34031.279
MinimumVisualStudioVersion = 10.0.40219.1
Project("{2150E333-8FDC-42A3-9474-1A3956D46DE8}") = "src", "src", "{A592F6A1-A44A-4AB4-87F1-5F58468100BC}"
EndProject
Project("{2150E333-8FDC-42A3-9474-1A3956D46DE8}") = "tst", "tst", "{50F774B6-38CC-4296-9563-E80EA6267E59}"
EndProject
Project("{2150E333-8FDC-42A3-9474-1A3956D46DE8}") = "core", "core", "{0DA0F092-B135-4527-8D10-A98E2314D149}"
EndProject
Project("{2150E333-8FDC-42A3-9474-1A3956D46DE8}") = "infrastructure", "infrastructure", "{7CF32BA8-C83E-42E7-8330-8E92CD3DBBFB}"
EndProject
Project("{2150E333-8FDC-42A3-9474-1A3956D46DE8}") = "presentation", "presentation", "{2DD5E82E-6882-4059-BA28-A163DAC77A7C}"
EndProject
Project("{9A19103F-16F7-4668-BE54-9A1E7A4F7556}") = "zs.bcs.BobsCatSalesServices.Application", "src\core\zs.bcs.BobsCatSalesServices.Application\zs.bcs.BobsCatSalesServices.Application.csproj", "{096C65D4-9351-4493-B39F-39686BD34923}"
EndProject
Project("{9A19103F-16F7-4668-BE54-9A1E7A4F7556}") = "zs.bcs.BobsCatSalesServices.Domain", "src\core\zs.bcs.BobsCatSalesServices.Domain\zs.bcs.BobsCatSalesServices.Domain.csproj", "{491EECCD-5D9A-4E33-AB99-A3CC10EC8CFC}"
EndProject
Project("{9A19103F-16F7-4668-BE54-9A1E7A4F7556}") = "zs.bcs.BobsCatSalesServices.Events", "src\core\zs.bcs.BobsCatSalesServices.Events\zs.bcs.BobsCatSalesServices.Events.csproj", "{C46DF83D-AE5A-43D8-B677-F165EA766D44}"
EndProject
Project("{9A19103F-16F7-4668-BE54-9A1E7A4F7556}") = "zs.bcs.BobsCatSalesServices.Infrastructure", "src\infrastructure\zs.bcs.BobsCatSalesServices.Infrastructure\zs.bcs.BobsCatSalesServices.Infrastructure.csproj", "{B9FB1A8C-1CD3-4708-8E8F-592BF837CC7B}"
EndProject
Project("{9A19103F-16F7-4668-BE54-9A1E7A4F7556}") = "zs.bcs.BobsCatSalesServices.Persistence.MsSql", "src\infrastructure\zs.bcs.BobsCatSalesServices.Persistence.MsSql\zs.bcs.BobsCatSalesServices.Persistence.MsSql.csproj", "{EC945069-EC8E-44DA-97B0-35B149716096}"
EndProject
Project("{9A19103F-16F7-4668-BE54-9A1E7A4F7556}") = "zs.bcs.BobsCatSalesServices.Application.Tests", "tst\zs.bcs.BobsCatSalesServices.Application.Tests\zs.bcs.BobsCatSalesServices.Application.Tests.csproj", "{51B8987D-95B2-4583-AACD-6B9446DBC55F}"
EndProject
Project("{FAE04EC0-301F-11D3-BF4B-00C04F79EFBC}") = "zs.bcs.BobsCatSalesServices.ServicesApi", "src\presentation\zs.bcs.BobsCatSalesServices.ServicesApi\zs.bcs.BobsCatSalesServices.ServicesApi.csproj", "{B97B05EF-22E0-4018-A5C1-D9462D2C8219}"
EndProject
Global
	GlobalSection(SolutionConfigurationPlatforms) = preSolution
		Debug|Any CPU = Debug|Any CPU
		Release|Any CPU = Release|Any CPU
	EndGlobalSection
	GlobalSection(ProjectConfigurationPlatforms) = postSolution
		{096C65D4-9351-4493-B39F-39686BD34923}.Debug|Any CPU.ActiveCfg = Debug|Any CPU
		{096C65D4-9351-4493-B39F-39686BD34923}.Debug|Any CPU.Build.0 = Debug|Any CPU
		{096C65D4-9351-4493-B39F-39686BD34923}.Release|Any CPU.ActiveCfg = Release|Any CPU
		{096C65D4-9351-4493-B39F-39686BD34923}.Release|Any CPU.Build.0 = Release|Any CPU
		{491EECCD-5D9A-4E33-AB99-A3CC10EC8CFC}.Debug|Any CPU.ActiveCfg = Debug|Any CPU
		{491EECCD-5D9A-4E33-AB99-A3CC10EC8CFC}.Debug|Any CPU.Build.0 = Debug|Any CPU
		{491EECCD-5D9A-4E33-AB99-A3CC10EC8CFC}.Release|Any CPU.ActiveCfg = Release|Any CPU
		{491EECCD-5D9A-4E33-AB99-A3CC10EC8CFC}.Release|Any CPU.Build.0 = Release|Any CPU
		{C46DF83D-AE5A-43D8-B677-F165EA766D44}.Debug|Any CPU.ActiveCfg = Debug|Any CPU
		{C46DF83D-AE5A-43D8-B677-F165EA766D44}.Debug|Any CPU.Build.0 = Debug|Any CPU
		{C46DF83D-AE5A-43D8-B677-F165EA766D44}.Release|Any CPU.ActiveCfg = Release|Any CPU
		{C46DF83D-AE5A-43D8-B677-F165EA766D44}.Release|Any CPU.Build.0 = Release|Any CPU
		{B9FB1A8C-1CD3-4708-8E8F-592BF837CC7B}.Debug|Any CPU.ActiveCfg = Debug|Any CPU
		{B9FB1A8C-1CD3-4708-8E8F-592BF837CC7B}.Debug|Any CPU.Build.0 = Debug|Any CPU
		{B9FB1A8C-1CD3-4708-8E8F-592BF837CC7B}.Release|Any CPU.ActiveCfg = Release|Any CPU
		{B9FB1A8C-1CD3-4708-8E8F-592BF837CC7B}.Release|Any CPU.Build.0 = Release|Any CPU
		{EC945069-EC8E-44DA-97B0-35B149716096}.Debug|Any CPU.ActiveCfg = Debug|Any CPU
		{EC945069-EC8E-44DA-97B0-35B149716096}.Debug|Any CPU.Build.0 = Debug|Any CPU
		{EC945069-EC8E-44DA-97B0-35B149716096}.Release|Any CPU.ActiveCfg = Release|Any CPU
		{EC945069-EC8E-44DA-97B0-35B149716096}.Release|Any CPU.Build.0 = Release|Any CPU
		{51B8987D-95B2-4583-AACD-6B9446DBC55F}.Debug|Any CPU.ActiveCfg = Debug|Any CPU
		{51B8987D-95B2-4583-AACD-6B9446DBC55F}.Debug|Any CPU.Build.0 = Debug|Any CPU
		{51B8987D-95B2-4583-AACD-6B9446DBC55F}.Release|Any CPU.ActiveCfg = Release|Any CPU
		{51B8987D-95B2-4583-AACD-6B9446DBC55F}.Release|Any CPU.Build.0 = Release|Any CPU
		{B97B05EF-22E0-4018-A5C1-D9462D2C8219}.Debug|Any CPU.ActiveCfg = Debug|Any CPU
		{B97B05EF-22E0-4018-A5C1-D9462D2C8219}.Debug|Any CPU.Build.0 = Debug|Any CPU
		{B97B05EF-22E0-4018-A5C1-D9462D2C8219}.Release|Any CPU.ActiveCfg = Release|Any CPU
		{B97B05EF-22E0-4018-A5C1-D9462D2C8219}.Release|Any CPU.Build.0 = Release|Any CPU
	EndGlobalSection
	GlobalSection(SolutionProperties) = preSolution
		HideSolutionNode = FALSE
	EndGlobalSection
	GlobalSection(NestedProjects) = preSolution
		{0DA0F092-B135-4527-8D10-A98E2314D149} = {A592F6A1-A44A-4AB4-87F1-5F58468100BC}
		{7CF32BA8-C83E-42E7-8330-8E92CD3DBBFB} = {A592F6A1-A44A-4AB4-87F1-5F58468100BC}
		{2DD5E82E-6882-4059-BA28-A163DAC77A7C} = {A592F6A1-A44A-4AB4-87F1-5F58468100BC}
		{096C65D4-9351-4493-B39F-39686BD34923} = {0DA0F092-B135-4527-8D10-A98E2314D149}
		{491EECCD-5D9A-4E33-AB99-A3CC10EC8CFC} = {0DA0F092-B135-4527-8D10-A98E2314D149}
		{C46DF83D-AE5A-43D8-B677-F165EA766D44} = {0DA0F092-B135-4527-8D10-A98E2314D149}
		{B9FB1A8C-1CD3-4708-8E8F-592BF837CC7B} = {7CF32BA8-C83E-42E7-8330-8E92CD3DBBFB}
		{EC945069-EC8E-44DA-97B0-35B149716096} = {7CF32BA8-C83E-42E7-8330-8E92CD3DBBFB}
		{51B8987D-95B2-4583-AACD-6B9446DBC55F} = {50F774B6-38CC-4296-9563-E80EA6267E59}
		{B97B05EF-22E0-4018-A5C1-D9462D2C8219} = {2DD5E82E-6882-4059-BA28-A163DAC77A7C}
	EndGlobalSection
	GlobalSection(ExtensibilityGlobals) = postSolution
		SolutionGuid = {081D0852-1AD1-4D21-935D-7E010ABC6564}
	EndGlobalSection
EndGlobal
